
Microsoft Visual Studio Solution File, Format Version 12.00
# Visual Studio Version 17
VisualStudioVersion = 17.9.34728.123
MinimumVisualStudioVersion = 10.0.40219.1
Project("{FAE04EC0-301F-11D3-BF4B-00C04F79EFBC}") = "KnowledgeBasev2.MAUI", "KnowledgeBasev2.MAUI\KnowledgeBasev2.MAUI.csproj", "{64B38DB4-64EF-4D0F-A7DB-DCC2296AC6E3}"
EndProject
Global
	GlobalSection(SolutionConfigurationPlatforms) = preSolution
		Debug|Any CPU = Debug|Any CPU
		Release|Any CPU = Release|Any CPU
	EndGlobalSection
	GlobalSection(ProjectConfigurationPlatforms) = postSolution
		{64B38DB4-64EF-4D0F-A7DB-DCC2296AC6E3}.Debug|Any CPU.ActiveCfg = Debug|Any CPU
		{64B38DB4-64EF-4D0F-A7DB-DCC2296AC6E3}.Debug|Any CPU.Build.0 = Debug|Any CPU
		{64B38DB4-64EF-4D0F-A7DB-DCC2296AC6E3}.Debug|Any CPU.Deploy.0 = Debug|Any CPU
		{64B38DB4-64EF-4D0F-A7DB-DCC2296AC6E3}.Release|Any CPU.ActiveCfg = Release|Any CPU
		{64B38DB4-64EF-4D0F-A7DB-DCC2296AC6E3}.Release|Any CPU.Build.0 = Release|Any CPU
		{64B38DB4-64EF-4D0F-A7DB-DCC2296AC6E3}.Release|Any CPU.Deploy.0 = Release|Any CPU
	EndGlobalSection
	GlobalSection(SolutionProperties) = preSolution
		HideSolutionNode = FALSE
	EndGlobalSection
	GlobalSection(ExtensibilityGlobals) = postSolution
		SolutionGuid = {3746A84A-896E-4579-A0CE-0219174240DB}
	EndGlobalSection
EndGlobal
